
Microsoft Visual Studio Solution File, Format Version 12.00
# Visual Studio Version 17
VisualStudioVersion = 17.12.35527.113 d17.12
MinimumVisualStudioVersion = 10.0.40219.1
Project("{778DAE3C-4631-46EA-AA77-85C1314464D9}") = "CompuMaster.Net.Smtp", "CompuMaster.Net.Smtp\CompuMaster.Net.Smtp.vbproj", "{DA3FE988-C378-453E-B5CF-5662961ACE55}"
EndProject
Project("{F184B08F-C81C-45F6-A57F-5ABD9991F28F}") = "Demo", "Demo\Demo.vbproj", "{1617C70F-901C-49F7-B204-144B7012B992}"
EndProject
Project("{F184B08F-C81C-45F6-A57F-5ABD9991F28F}") = "Tests", "Tests\Tests.vbproj", "{4CBFB20B-E747-434D-A9AE-8DDD0618F53E}"
EndProject
Project("{2150E333-8FDC-42A3-9474-1A3956D46DE8}") = "Projektmappenelemente", "Projektmappenelemente", "{F4DEDB30-9EF6-4998-A89E-466A6EEEFDD0}"
	ProjectSection(SolutionItems) = preProject
		README.md = README.md
	EndProjectSection
EndProject
Global
	GlobalSection(SolutionConfigurationPlatforms) = preSolution
		CI_CD|Any CPU = CI_CD|Any CPU
		Debug|Any CPU = Debug|Any CPU
		Release|Any CPU = Release|Any CPU
	EndGlobalSection
	GlobalSection(ProjectConfigurationPlatforms) = postSolution
		{DA3FE988-C378-453E-B5CF-5662961ACE55}.CI_CD|Any CPU.ActiveCfg = CI_CD|Any CPU
		{DA3FE988-C378-453E-B5CF-5662961ACE55}.CI_CD|Any CPU.Build.0 = CI_CD|Any CPU
		{DA3FE988-C378-453E-B5CF-5662961ACE55}.Debug|Any CPU.ActiveCfg = Debug|Any CPU
		{DA3FE988-C378-453E-B5CF-5662961ACE55}.Debug|Any CPU.Build.0 = Debug|Any CPU
		{DA3FE988-C378-453E-B5CF-5662961ACE55}.Release|Any CPU.ActiveCfg = Release|Any CPU
		{DA3FE988-C378-453E-B5CF-5662961ACE55}.Release|Any CPU.Build.0 = Release|Any CPU
		{1617C70F-901C-49F7-B204-144B7012B992}.CI_CD|Any CPU.ActiveCfg = CI_CD|Any CPU
		{1617C70F-901C-49F7-B204-144B7012B992}.Debug|Any CPU.ActiveCfg = Debug|Any CPU
		{1617C70F-901C-49F7-B204-144B7012B992}.Debug|Any CPU.Build.0 = Debug|Any CPU
		{1617C70F-901C-49F7-B204-144B7012B992}.Release|Any CPU.ActiveCfg = Release|Any CPU
		{1617C70F-901C-49F7-B204-144B7012B992}.Release|Any CPU.Build.0 = Release|Any CPU
		{4CBFB20B-E747-434D-A9AE-8DDD0618F53E}.CI_CD|Any CPU.ActiveCfg = CI_CD|Any CPU
		{4CBFB20B-E747-434D-A9AE-8DDD0618F53E}.CI_CD|Any CPU.Build.0 = CI_CD|Any CPU
		{4CBFB20B-E747-434D-A9AE-8DDD0618F53E}.Debug|Any CPU.ActiveCfg = Debug|Any CPU
		{4CBFB20B-E747-434D-A9AE-8DDD0618F53E}.Debug|Any CPU.Build.0 = Debug|Any CPU
		{4CBFB20B-E747-434D-A9AE-8DDD0618F53E}.Release|Any CPU.ActiveCfg = Release|Any CPU
		{4CBFB20B-E747-434D-A9AE-8DDD0618F53E}.Release|Any CPU.Build.0 = Release|Any CPU
	EndGlobalSection
	GlobalSection(SolutionProperties) = preSolution
		HideSolutionNode = FALSE
	EndGlobalSection
	GlobalSection(ExtensibilityGlobals) = postSolution
		SolutionGuid = {8D1B7E09-49D7-480F-9275-5DF60C2E7CAC}
	EndGlobalSection
	GlobalSection(SubversionScc) = preSolution
		Svn-Managed = True
		Manager = AnkhSVN - Subversion Support for Visual Studio
	EndGlobalSection
EndGlobal
